
Microsoft Visual Studio Solution File, Format Version 12.00
# Visual Studio Version 17
VisualStudioVersion = 17.9.34723.18
MinimumVisualStudioVersion = 10.0.40219.1
Project("{FAE04EC0-301F-11D3-BF4B-00C04F79EFBC}") = "A2Team", "A2Team\A2Team.csproj", "{10640189-8F7C-41D3-A4F8-C0AD04618BA6}"
EndProject
Project("{FAE04EC0-301F-11D3-BF4B-00C04F79EFBC}") = "eCommerceTest", "eCommerceTest\eCommerceTest.csproj", "{00D2F850-F09B-4838-BE0A-CEB4897153CD}"
EndProject
Global
	GlobalSection(SolutionConfigurationPlatforms) = preSolution
		Debug|Any CPU = Debug|Any CPU
		Debug|x64 = Debug|x64
		Release|Any CPU = Release|Any CPU
		Release|x64 = Release|x64
	EndGlobalSection
	GlobalSection(ProjectConfigurationPlatforms) = postSolution
		{10640189-8F7C-41D3-A4F8-C0AD04618BA6}.Debug|Any CPU.ActiveCfg = Debug|Any CPU
		{10640189-8F7C-41D3-A4F8-C0AD04618BA6}.Debug|Any CPU.Build.0 = Debug|Any CPU
		{10640189-8F7C-41D3-A4F8-C0AD04618BA6}.Debug|x64.ActiveCfg = Debug|x64
		{10640189-8F7C-41D3-A4F8-C0AD04618BA6}.Debug|x64.Build.0 = Debug|x64
		{10640189-8F7C-41D3-A4F8-C0AD04618BA6}.Release|Any CPU.ActiveCfg = Release|Any CPU
		{10640189-8F7C-41D3-A4F8-C0AD04618BA6}.Release|Any CPU.Build.0 = Release|Any CPU
		{10640189-8F7C-41D3-A4F8-C0AD04618BA6}.Release|x64.ActiveCfg = Release|x64
		{10640189-8F7C-41D3-A4F8-C0AD04618BA6}.Release|x64.Build.0 = Release|x64
		{00D2F850-F09B-4838-BE0A-CEB4897153CD}.Debug|Any CPU.ActiveCfg = Debug|Any CPU
		{00D2F850-F09B-4838-BE0A-CEB4897153CD}.Debug|Any CPU.Build.0 = Debug|Any CPU
		{00D2F850-F09B-4838-BE0A-CEB4897153CD}.Debug|x64.ActiveCfg = Debug|x64
		{00D2F850-F09B-4838-BE0A-CEB4897153CD}.Debug|x64.Build.0 = Debug|x64
		{00D2F850-F09B-4838-BE0A-CEB4897153CD}.Release|Any CPU.ActiveCfg = Release|Any CPU
		{00D2F850-F09B-4838-BE0A-CEB4897153CD}.Release|Any CPU.Build.0 = Release|Any CPU
		{00D2F850-F09B-4838-BE0A-CEB4897153CD}.Release|x64.ActiveCfg = Release|x64
		{00D2F850-F09B-4838-BE0A-CEB4897153CD}.Release|x64.Build.0 = Release|x64
	EndGlobalSection
	GlobalSection(SolutionProperties) = preSolution
		HideSolutionNode = FALSE
	EndGlobalSection
	GlobalSection(ExtensibilityGlobals) = postSolution
		SolutionGuid = {AEEBA57C-3673-4918-B62C-52AFEFC077C0}
	EndGlobalSection
EndGlobal
